
Microsoft Visual Studio Solution File, Format Version 12.00
# Visual Studio Version 17
VisualStudioVersion = 17.0.32014.148
MinimumVisualStudioVersion = 10.0.40219.1
Project("{FAE04EC0-301F-11D3-BF4B-00C04F79EFBC}") = "calendar_component_sample", "calendar_component_sample\calendar_component_sample.csproj", "{9C9F9F7F-96E6-4624-A25B-EE1A5A46DBE8}"
EndProject
Global
	GlobalSection(SolutionConfigurationPlatforms) = preSolution
		Debug|Any CPU = Debug|Any CPU
		Release|Any CPU = Release|Any CPU
	EndGlobalSection
	GlobalSection(ProjectConfigurationPlatforms) = postSolution
		{9C9F9F7F-96E6-4624-A25B-EE1A5A46DBE8}.Debug|Any CPU.ActiveCfg = Debug|Any CPU
		{9C9F9F7F-96E6-4624-A25B-EE1A5A46DBE8}.Debug|Any CPU.Build.0 = Debug|Any CPU
		{9C9F9F7F-96E6-4624-A25B-EE1A5A46DBE8}.Release|Any CPU.ActiveCfg = Release|Any CPU
		{9C9F9F7F-96E6-4624-A25B-EE1A5A46DBE8}.Release|Any CPU.Build.0 = Release|Any CPU
	EndGlobalSection
	GlobalSection(SolutionProperties) = preSolution
		HideSolutionNode = FALSE
	EndGlobalSection
	GlobalSection(ExtensibilityGlobals) = postSolution
		SolutionGuid = {415DF5BE-2C24-4F53-9E2E-E3070BBA6C29}
	EndGlobalSection
EndGlobal
